
Microsoft Visual Studio Solution File, Format Version 12.00
# Visual Studio Version 17
VisualStudioVersion = 17.2.32516.85
MinimumVisualStudioVersion = 10.0.40219.1
Project("{9A19103F-16F7-4668-BE54-9A1E7A4F7556}") = "LearningProject", "LearningProject.csproj", "{03EA12E9-C175-4C26-AE17-2F1D396A915E}"
EndProject
Project("{FAE04EC0-301F-11D3-BF4B-00C04F79EFBC}") = "Easy.Common", "..\Easy.Common\Easy.Common.csproj", "{261B867C-27B7-4A68-A0DC-C8B0AE5FE460}"
EndProject
Global
	GlobalSection(SolutionConfigurationPlatforms) = preSolution
		Debug|Any CPU = Debug|Any CPU
		Release|Any CPU = Release|Any CPU
	EndGlobalSection
	GlobalSection(ProjectConfigurationPlatforms) = postSolution
		{03EA12E9-C175-4C26-AE17-2F1D396A915E}.Debug|Any CPU.ActiveCfg = Debug|Any CPU
		{03EA12E9-C175-4C26-AE17-2F1D396A915E}.Debug|Any CPU.Build.0 = Debug|Any CPU
		{03EA12E9-C175-4C26-AE17-2F1D396A915E}.Release|Any CPU.ActiveCfg = Release|Any CPU
		{03EA12E9-C175-4C26-AE17-2F1D396A915E}.Release|Any CPU.Build.0 = Release|Any CPU
		{261B867C-27B7-4A68-A0DC-C8B0AE5FE460}.Debug|Any CPU.ActiveCfg = Debug|Any CPU
		{261B867C-27B7-4A68-A0DC-C8B0AE5FE460}.Debug|Any CPU.Build.0 = Debug|Any CPU
		{261B867C-27B7-4A68-A0DC-C8B0AE5FE460}.Release|Any CPU.ActiveCfg = Release|Any CPU
		{261B867C-27B7-4A68-A0DC-C8B0AE5FE460}.Release|Any CPU.Build.0 = Release|Any CPU
	EndGlobalSection
	GlobalSection(SolutionProperties) = preSolution
		HideSolutionNode = FALSE
	EndGlobalSection
	GlobalSection(ExtensibilityGlobals) = postSolution
		SolutionGuid = {FBC4E2FF-DB81-46E4-8439-AEE52230B041}
	EndGlobalSection
EndGlobal
